<?xml version="1.0" encoding="utf-8"?>
<Project ToolsVersion="4.0" xmlns="http://schemas.microsoft.com/developer/msbuild/2003">
  <ItemGroup>
    <Filter Include="File di origine">
      <UniqueIdentifier>{4FC737F1-C7A5-4376-A066-2A32D752A2FF}</UniqueIdentifier>
      <Extensions>cpp;c;cc;cxx;c++;cppm;ixx;def;odl;idl;hpj;bat;asm;asmx</Extensions>
    </Filter>
    <Filter Include="File di intestazione">
      <UniqueIdentifier>{93995380-89BD-4b04-88EB-625FBE52EBFB}</UniqueIdentifier>
      <Extensions>h;hh;hpp;hxx;h++;hm;inl;inc;ipp;xsd</Extensions>
    </Filter>
    <Filter Include="File di risorse">
      <UniqueIdentifier>{67DA6AB6-F800-4c08-8B7A-83BB121AAD01}</UniqueIdentifier>
      <Extensions>rc;ico;cur;bmp;dlg;rc2;rct;bin;rgs;gif;jpg;jpeg;jpe;resx;tiff;tif;png;wav;mfcribbon-ms</Extensions>
    </Filter>
    <Filter Include="File di risorse\Assets">
      <UniqueIdentifier>{c7c152cc-ea0b-4b2a-9ff6-111ebf2833d6}</UniqueIdentifier>
    </Filter>
    <Filter Include="File di intestazione\Entity Component System">
      <UniqueIdentifier>{9a25f8d6-6b03-43c2-b259-8f2c09a94db1}</UniqueIdentifier>
    </Filter>
    <Filter Include="File di intestazione\Entity Component System\Custom Components">
      <UniqueIdentifier>{5ddf025a-9d89-447c-8e31-41d95fe87a19}</UniqueIdentifier>
    </Filter>
    <Filter Include="File di origine\Entity Component System">
      <UniqueIdentifier>{812f314d-98ab-4c76-a147-268528ca3110}</UniqueIdentifier>
    </Filter>
    <Filter Include="File di risorse\Textures">
      <UniqueIdentifier>{ce6d2da0-e334-4dbd-b9ff-0386416499d3}</UniqueIdentifier>
    </Filter>
    <Filter Include="File di risorse\Textures\Missiles">
      <UniqueIdentifier>{6dc4a554-83cf-48cb-90b3-889df4348216}</UniqueIdentifier>
    </Filter>
    <Filter Include="File di risorse\Textures\Lasers">
      <UniqueIdentifier>{5231c184-3e0d-4bcb-8837-0160c0658c79}</UniqueIdentifier>
    </Filter>
    <Filter Include="File di risorse\Textures\Explosions">
      <UniqueIdentifier>{af1a6f38-1ee7-47a1-8140-4856356d3d60}</UniqueIdentifier>
    </Filter>
    <Filter Include="File di risorse\Textures\Backgrounds">
      <UniqueIdentifier>{0682998a-afa6-483a-9513-a8df46a95f66}</UniqueIdentifier>
    </Filter>
    <Filter Include="File di risorse\Textures\Spaceships">
      <UniqueIdentifier>{227f1335-9adb-434d-944d-850a4ded4ff9}</UniqueIdentifier>
    </Filter>
    <Filter Include="File di risorse\Statusbar">
      <UniqueIdentifier>{694601cd-d66f-4a2f-8417-14b57115f74a}</UniqueIdentifier>
    </Filter>
    <Filter Include="File di risorse\Statusbar\Icons">
      <UniqueIdentifier>{01155bb8-c564-49d6-a64e-1d2dbebff2fb}</UniqueIdentifier>
    </Filter>
    <Filter Include="File di risorse\Statusbar\Fonts">
      <UniqueIdentifier>{df5977fd-e818-455e-9772-7e3f3a59e520}</UniqueIdentifier>
    </Filter>
    <Filter Include="File di risorse\Textures\Scraps">
      <UniqueIdentifier>{98457aeb-b777-4a8e-affa-aff570405cc5}</UniqueIdentifier>
    </Filter>
    <Filter Include="File di origine\Entity Component System\Custom Components">
      <UniqueIdentifier>{ad88a2b6-95d0-4da8-8510-ac17ebbb87e1}</UniqueIdentifier>
    </Filter>
  </ItemGroup>
  <ItemGroup>
    <ClCompile Include="Engine.cpp">
      <Filter>File di origine</Filter>
    </ClCompile>
    <ClCompile Include="TextureManager.cpp">
      <Filter>File di origine</Filter>
    </ClCompile>
    <ClCompile Include="BackgroundManager.cpp">
      <Filter>File di origine</Filter>
    </ClCompile>
    <ClCompile Include="CollisionsManager.cpp">
      <Filter>File di origine</Filter>
    </ClCompile>
    <ClCompile Include="LevelManager.cpp">
      <Filter>File di origine</Filter>
    </ClCompile>
    <ClCompile Include="Vector2D.cpp">
      <Filter>File di origine</Filter>
    </ClCompile>
    <ClCompile Include="TimeAction.cpp">
      <Filter>File di origine</Filter>
    </ClCompile>
    <ClCompile Include="Statusbar.cpp">
      <Filter>File di origine</Filter>
    </ClCompile>
    <ClCompile Include="Main.cpp">
      <Filter>File di origine</Filter>
    </ClCompile>
    <ClCompile Include="AssetsManager.cpp">
      <Filter>File di origine</Filter>
    </ClCompile>
    <ClCompile Include="Widget.cpp">
      <Filter>File di origine</Filter>
    </ClCompile>
    <ClCompile Include="Point.cpp">
      <Filter>File di origine</Filter>
    </ClCompile>
    <ClCompile Include="ECS\custom\PlayerSpaceship.cpp">
      <Filter>File di origine\Entity Component System\Custom Components</Filter>
    </ClCompile>
    <ClCompile Include="ECS\PositionComponent.cpp">
      <Filter>File di origine\Entity Component System</Filter>
    </ClCompile>
    <ClCompile Include="ECS\SpriteComponent.cpp">
      <Filter>File di origine\Entity Component System</Filter>
    </ClCompile>
    <ClCompile Include="ECS\TextComponent.cpp">
      <Filter>File di origine\Entity Component System</Filter>
    </ClCompile>
    <ClCompile Include="ECS\AutodestroyComponent.cpp">
      <Filter>File di origine\Entity Component System</Filter>
    </ClCompile>
    <ClCompile Include="ECS\ColliderComponent.cpp">
      <Filter>File di origine\Entity Component System</Filter>
    </ClCompile>
    <ClCompile Include="ECS\ExplodeComponent.cpp">
      <Filter>File di origine\Entity Component System</Filter>
    </ClCompile>
    <ClCompile Include="ECS\ExplosionComponent.cpp">
      <Filter>File di origine\Entity Component System</Filter>
    </ClCompile>
    <ClCompile Include="ECS\MissileComponent.cpp">
      <Filter>File di origine\Entity Component System</Filter>
    </ClCompile>
    <ClCompile Include="ECS\TransformComponent.cpp">
      <Filter>File di origine\Entity Component System</Filter>
    </ClCompile>
    <ClCompile Include="ECS\ECS.cpp">
      <Filter>File di origine\Entity Component System</Filter>
    </ClCompile>
  </ItemGroup>
  <ItemGroup>
    <ClInclude Include="include\Engine.h">
      <Filter>File di intestazione</Filter>
    </ClInclude>
    <ClInclude Include="include\TextureManager.h">
      <Filter>File di intestazione</Filter>
    </ClInclude>
    <ClInclude Include="include\ECS.h">
      <Filter>File di intestazione\Entity Component System</Filter>
    </ClInclude>
    <ClInclude Include="include\ECS\Components.h">
      <Filter>File di intestazione\Entity Component System</Filter>
    </ClInclude>
    <ClInclude Include="include\ECS\PositionComponent.h">
      <Filter>File di intestazione\Entity Component System</Filter>
    </ClInclude>
    <ClInclude Include="include\ECS\SpriteComponent.h">
      <Filter>File di intestazione\Entity Component System</Filter>
    </ClInclude>
    <ClInclude Include="include\BackgroundManager.h">
      <Filter>File di intestazione</Filter>
    </ClInclude>
    <ClInclude Include="include\ECS\AutodestroyComponent.h">
      <Filter>File di intestazione\Entity Component System</Filter>
    </ClInclude>
    <ClInclude Include="include\CollisionsManager.h">
      <Filter>File di intestazione</Filter>
    </ClInclude>
    <ClInclude Include="include\ECS\ColliderComponent.h">
      <Filter>File di intestazione\Entity Component System</Filter>
    </ClInclude>
    <ClInclude Include="include\LevelManager.h">
      <Filter>File di intestazione</Filter>
    </ClInclude>
    <ClInclude Include="include\Vector2D.h">
      <Filter>File di intestazione</Filter>
    </ClInclude>
    <ClInclude Include="include\ECS\ExplosionComponent.h">
      <Filter>File di intestazione\Entity Component System</Filter>
    </ClInclude>
    <ClInclude Include="include\TimeAction.h">
      <Filter>File di intestazione</Filter>
    </ClInclude>
    <ClInclude Include="include\Random.h">
      <Filter>File di intestazione</Filter>
    </ClInclude>
    <ClInclude Include="include\ECS\ExplodeComponent.h">
      <Filter>File di intestazione\Entity Component System</Filter>
    </ClInclude>
    <ClInclude Include="include\ECS\MissileComponent.h">
      <Filter>File di intestazione\Entity Component System</Filter>
    </ClInclude>
    <ClInclude Include="include\ECS\TextComponent.h">
      <Filter>File di intestazione\Entity Component System</Filter>
    </ClInclude>
    <ClInclude Include="include\Statusbar.h">
      <Filter>File di intestazione</Filter>
    </ClInclude>
    <ClInclude Include="include\AssetsManager.h">
      <Filter>File di intestazione</Filter>
    </ClInclude>
    <ClInclude Include="include\ECS\custom\PlayerSpaceship.h">
      <Filter>File di intestazione\Entity Component System\Custom Components</Filter>
    </ClInclude>
    <ClInclude Include="include\Widget.h">
      <Filter>File di intestazione</Filter>
    </ClInclude>
    <ClInclude Include="include\ECS\TransformComponent.h">
      <Filter>File di intestazione\Entity Component System</Filter>
    </ClInclude>
    <ClInclude Include="include\Point.h">
      <Filter>File di intestazione</Filter>
    </ClInclude>
    <ClInclude Include="include\ECS\custom\CustomComponents.h">
      <Filter>File di intestazione\Entity Component System\Custom Components</Filter>
    </ClInclude>
    <ClInclude Include="include\Explosion.h">
      <Filter>File di intestazione</Filter>
    </ClInclude>
    <ClInclude Include="include\Animation.h">
      <Filter>File di intestazione</Filter>
    </ClInclude>
    <ClInclude Include="include\Polygon.h">
      <Filter>File di intestazione</Filter>
    </ClInclude>
    <ClInclude Include="include\Rectangle.h">
      <Filter>File di intestazione</Filter>
    </ClInclude>
  </ItemGroup>
  <ItemGroup>
    <CopyFileToFolders Include="assets\textures\backgrounds\Space_Stars2.png">
      <Filter>File di risorse\Textures\Backgrounds</Filter>
    </CopyFileToFolders>
    <CopyFileToFolders Include="assetsList.json">
      <Filter>File di risorse</Filter>
    </CopyFileToFolders>
    <CopyFileToFolders Include="assets\asset2.json">
      <Filter>File di risorse\Assets</Filter>
    </CopyFileToFolders>
    <CopyFileToFolders Include="assets\assetTemplate.json">
      <Filter>File di risorse\Assets</Filter>
    </CopyFileToFolders>
    <CopyFileToFolders Include="assets\background1_level1.json">
      <Filter>File di risorse\Assets</Filter>
    </CopyFileToFolders>
    <CopyFileToFolders Include="assets\laser.json">
      <Filter>File di risorse\Assets</Filter>
    </CopyFileToFolders>
    <CopyFileToFolders Include="assets\missile.json">
      <Filter>File di risorse\Assets</Filter>
    </CopyFileToFolders>
    <CopyFileToFolders Include="assets\playerSpaceship.json">
      <Filter>File di risorse\Assets</Filter>
    </CopyFileToFolders>
    <CopyFileToFolders Include="statusbar\statusbar.png">
      <Filter>File di risorse\Statusbar</Filter>
    </CopyFileToFolders>
    <CopyFileToFolders Include="statusbar\icons\energyIcon.png">
      <Filter>File di risorse\Statusbar\Icons</Filter>
    </CopyFileToFolders>
    <CopyFileToFolders Include="statusbar\icons\missileIcon.png">
      <Filter>File di risorse\Statusbar\Icons</Filter>
    </CopyFileToFolders>
    <CopyFileToFolders Include="statusbar\fonts\character.ttf">
      <Filter>File di risorse\Statusbar\Fonts</Filter>
    </CopyFileToFolders>
    <CopyFileToFolders Include="statusbar\fonts\pixelfonts.ttf">
      <Filter>File di risorse\Statusbar\Fonts</Filter>
    </CopyFileToFolders>
    <CopyFileToFolders Include="statusbar\fonts\wayfers.ttf">
      <Filter>File di risorse\Statusbar\Fonts</Filter>
    </CopyFileToFolders>
    <CopyFileToFolders Include="assets\textures\explosions\explosion.png">
      <Filter>File di risorse\Textures\Explosions</Filter>
    </CopyFileToFolders>
    <CopyFileToFolders Include="assets\textures\lasers\laser.png">
      <Filter>File di risorse\Textures\Lasers</Filter>
    </CopyFileToFolders>
    <CopyFileToFolders Include="assets\textures\missiles\missile.png">
      <Filter>File di risorse\Textures\Missiles</Filter>
    </CopyFileToFolders>
    <CopyFileToFolders Include="assets\textures\scraps\pieces.png">
      <Filter>File di risorse\Textures\Scraps</Filter>
    </CopyFileToFolders>
    <CopyFileToFolders Include="assets\textures\spaceships\PolygonConcaveTest.png">
      <Filter>File di risorse\Textures\Spaceships</Filter>
    </CopyFileToFolders>
    <CopyFileToFolders Include="assets\textures\spaceships\PolygonConvexTest.png">
      <Filter>File di risorse\Textures\Spaceships</Filter>
    </CopyFileToFolders>
    <CopyFileToFolders Include="assets\textures\spaceships\spaceship1.png">
      <Filter>File di risorse\Textures\Spaceships</Filter>
    </CopyFileToFolders>
    <CopyFileToFolders Include="statusbar\statusbarSettings.json">
      <Filter>File di risorse\Statusbar</Filter>
    </CopyFileToFolders>
  </ItemGroup>
</Project>